
Microsoft Visual Studio Solution File, Format Version 12.00
# Visual Studio 2012
Project("{9344BDBB-3E7F-41FC-A0DD-8665D75EE146}") = "Cliente_Correo", "correo\Cliente_Correo.csproj", "{4B8BE500-C91A-4D62-A979-3FEA5DCEBD80}"
EndProject
Global
	GlobalSection(SolutionConfigurationPlatforms) = preSolution
		Debug|x86 = Debug|x86
		Release|x86 = Release|x86
	EndGlobalSection
	GlobalSection(ProjectConfigurationPlatforms) = postSolution
		{4B8BE500-C91A-4D62-A979-3FEA5DCEBD80}.Debug|x86.ActiveCfg = Debug|x86
		{4B8BE500-C91A-4D62-A979-3FEA5DCEBD80}.Debug|x86.Build.0 = Debug|x86
		{4B8BE500-C91A-4D62-A979-3FEA5DCEBD80}.Release|x86.ActiveCfg = Release|x86
		{4B8BE500-C91A-4D62-A979-3FEA5DCEBD80}.Release|x86.Build.0 = Release|x86
	EndGlobalSection
	GlobalSection(MonoDevelopProperties) = preSolution
		StartupItem = correo\Cliente_Correo.csproj
	EndGlobalSection
EndGlobal
